// !$*UTF8*$!
{
	archiveVersion = 1;
	classes = {
	};
	objectVersion = 48;
	objects = {

/* Begin PBXBuildFile section */
		970C0294205F9A870046FDE0 /* NetworkRequestParameters.m in Sources */ = {isa = PBXBuildFile; fileRef = 970C0293205F9A870046FDE0 /* NetworkRequestParameters.m */; };
		970C0297205F9B6D0046FDE0 /* DefineKeyChain.m in Sources */ = {isa = PBXBuildFile; fileRef = 970C0295205F9B6D0046FDE0 /* DefineKeyChain.m */; };
		97A27E04205F6728002F071A /* Header.swift in Sources */ = {isa = PBXBuildFile; fileRef = 97A27E03205F6728002F071A /* Header.swift */; };
		97D6F8092059305A00131D5C /* AppDelegate.swift in Sources */ = {isa = PBXBuildFile; fileRef = 97D6F8082059305A00131D5C /* AppDelegate.swift */; };
		97D6F8102059305A00131D5C /* Assets.xcassets in Resources */ = {isa = PBXBuildFile; fileRef = 97D6F80F2059305A00131D5C /* Assets.xcassets */; };
		97D6F8132059305A00131D5C /* LaunchScreen.storyboard in Resources */ = {isa = PBXBuildFile; fileRef = 97D6F8112059305A00131D5C /* LaunchScreen.storyboard */; };
		97D6F81E2059305A00131D5C /* newProductTests.swift in Sources */ = {isa = PBXBuildFile; fileRef = 97D6F81D2059305A00131D5C /* newProductTests.swift */; };
		97D6F8292059305A00131D5C /* newProductUITests.swift in Sources */ = {isa = PBXBuildFile; fileRef = 97D6F8282059305A00131D5C /* newProductUITests.swift */; };
		CD563976205BB81C00A0B66D /* BaseViewController.swift in Sources */ = {isa = PBXBuildFile; fileRef = CD56396E205BB81C00A0B66D /* BaseViewController.swift */; };
		CD563977205BB81C00A0B66D /* MainViewController.swift in Sources */ = {isa = PBXBuildFile; fileRef = CD56396F205BB81C00A0B66D /* MainViewController.swift */; };
		CD563978205BB81C00A0B66D /* BaseNavigationController.swift in Sources */ = {isa = PBXBuildFile; fileRef = CD563970205BB81C00A0B66D /* BaseNavigationController.swift */; };
		CD563979205BB81C00A0B66D /* Bundle _ Extension.swift in Sources */ = {isa = PBXBuildFile; fileRef = CD563973205BB81C00A0B66D /* Bundle _ Extension.swift */; };
		CD56397A205BB81C00A0B66D /* MineViewController.swift in Sources */ = {isa = PBXBuildFile; fileRef = CD563975205BB81C00A0B66D /* MineViewController.swift */; };
		CD56397F205BB82800A0B66D /* HomePageViewController.swift in Sources */ = {isa = PBXBuildFile; fileRef = CD56397C205BB82800A0B66D /* HomePageViewController.swift */; };
		CD563980205BB82800A0B66D /* ExploreViewController.swift in Sources */ = {isa = PBXBuildFile; fileRef = CD56397E205BB82800A0B66D /* ExploreViewController.swift */; };
		DF6DB364D98BDABA75374EBF /* Pods_newProduct.framework in Frameworks */ = {isa = PBXBuildFile; fileRef = 4B8EBDBDA8A2919B589F3736 /* Pods_newProduct.framework */; };
/* End PBXBuildFile section */

/* Begin PBXContainerItemProxy section */
		97D6F81A2059305A00131D5C /* PBXContainerItemProxy */ = {
			isa = PBXContainerItemProxy;
			containerPortal = 97D6F7FD2059305A00131D5C /* Project object */;
			proxyType = 1;
			remoteGlobalIDString = 97D6F8042059305A00131D5C;
			remoteInfo = newProduct;
		};
		97D6F8252059305A00131D5C /* PBXContainerItemProxy */ = {
			isa = PBXContainerItemProxy;
			containerPortal = 97D6F7FD2059305A00131D5C /* Project object */;
			proxyType = 1;
			remoteGlobalIDString = 97D6F8042059305A00131D5C;
			remoteInfo = newProduct;
		};
/* End PBXContainerItemProxy section */

/* Begin PBXFileReference section */
		181F6F4E342EB39FBF48CC3E /* Pods-newProduct.debug.xcconfig */ = {isa = PBXFileReference; includeInIndex = 1; lastKnownFileType = text.xcconfig; name = "Pods-newProduct.debug.xcconfig"; path = "Pods/Target Support Files/Pods-newProduct/Pods-newProduct.debug.xcconfig"; sourceTree = "<group>"; };
		4B8EBDBDA8A2919B589F3736 /* Pods_newProduct.framework */ = {isa = PBXFileReference; explicitFileType = wrapper.framework; includeInIndex = 0; path = Pods_newProduct.framework; sourceTree = BUILT_PRODUCTS_DIR; };
		7172FC14534806BFEF5733AD /* Pods-newProduct.release.xcconfig */ = {isa = PBXFileReference; includeInIndex = 1; lastKnownFileType = text.xcconfig; name = "Pods-newProduct.release.xcconfig"; path = "Pods/Target Support Files/Pods-newProduct/Pods-newProduct.release.xcconfig"; sourceTree = "<group>"; };
		970C0291205F9A860046FDE0 /* newProduct-Bridging-Header.h */ = {isa = PBXFileReference; lastKnownFileType = sourcecode.c.h; path = "newProduct-Bridging-Header.h"; sourceTree = "<group>"; };
		970C0292205F9A860046FDE0 /* NetworkRequestParameters.h */ = {isa = PBXFileReference; fileEncoding = 4; lastKnownFileType = sourcecode.c.h; path = NetworkRequestParameters.h; sourceTree = "<group>"; };
		970C0293205F9A870046FDE0 /* NetworkRequestParameters.m */ = {isa = PBXFileReference; fileEncoding = 4; lastKnownFileType = sourcecode.c.objc; path = NetworkRequestParameters.m; sourceTree = "<group>"; };
		970C0295205F9B6D0046FDE0 /* DefineKeyChain.m */ = {isa = PBXFileReference; fileEncoding = 4; lastKnownFileType = sourcecode.c.objc; path = DefineKeyChain.m; sourceTree = "<group>"; };
		970C0296205F9B6D0046FDE0 /* DefineKeyChain.h */ = {isa = PBXFileReference; fileEncoding = 4; lastKnownFileType = sourcecode.c.h; path = DefineKeyChain.h; sourceTree = "<group>"; };
		97A27E03205F6728002F071A /* Header.swift */ = {isa = PBXFileReference; fileEncoding = 4; lastKnownFileType = sourcecode.swift; path = Header.swift; sourceTree = "<group>"; };
		97D6F8052059305A00131D5C /* newProduct.app */ = {isa = PBXFileReference; explicitFileType = wrapper.application; includeInIndex = 0; path = newProduct.app; sourceTree = BUILT_PRODUCTS_DIR; };
		97D6F8082059305A00131D5C /* AppDelegate.swift */ = {isa = PBXFileReference; lastKnownFileType = sourcecode.swift; path = AppDelegate.swift; sourceTree = "<group>"; };
		97D6F80F2059305A00131D5C /* Assets.xcassets */ = {isa = PBXFileReference; lastKnownFileType = folder.assetcatalog; path = Assets.xcassets; sourceTree = "<group>"; };
		97D6F8122059305A00131D5C /* Base */ = {isa = PBXFileReference; lastKnownFileType = file.storyboard; name = Base; path = Base.lproj/LaunchScreen.storyboard; sourceTree = "<group>"; };
		97D6F8142059305A00131D5C /* Info.plist */ = {isa = PBXFileReference; lastKnownFileType = text.plist.xml; path = Info.plist; sourceTree = "<group>"; };
		97D6F8192059305A00131D5C /* newProductTests.xctest */ = {isa = PBXFileReference; explicitFileType = wrapper.cfbundle; includeInIndex = 0; path = newProductTests.xctest; sourceTree = BUILT_PRODUCTS_DIR; };
		97D6F81D2059305A00131D5C /* newProductTests.swift */ = {isa = PBXFileReference; lastKnownFileType = sourcecode.swift; path = newProductTests.swift; sourceTree = "<group>"; };
		97D6F81F2059305A00131D5C /* Info.plist */ = {isa = PBXFileReference; lastKnownFileType = text.plist.xml; path = Info.plist; sourceTree = "<group>"; };
		97D6F8242059305A00131D5C /* newProductUITests.xctest */ = {isa = PBXFileReference; explicitFileType = wrapper.cfbundle; includeInIndex = 0; path = newProductUITests.xctest; sourceTree = BUILT_PRODUCTS_DIR; };
		97D6F8282059305A00131D5C /* newProductUITests.swift */ = {isa = PBXFileReference; lastKnownFileType = sourcecode.swift; path = newProductUITests.swift; sourceTree = "<group>"; };
		97D6F82A2059305A00131D5C /* Info.plist */ = {isa = PBXFileReference; lastKnownFileType = text.plist.xml; path = Info.plist; sourceTree = "<group>"; };
		CD56396E205BB81C00A0B66D /* BaseViewController.swift */ = {isa = PBXFileReference; fileEncoding = 4; lastKnownFileType = sourcecode.swift; path = BaseViewController.swift; sourceTree = "<group>"; };
		CD56396F205BB81C00A0B66D /* MainViewController.swift */ = {isa = PBXFileReference; fileEncoding = 4; lastKnownFileType = sourcecode.swift; path = MainViewController.swift; sourceTree = "<group>"; };
		CD563970205BB81C00A0B66D /* BaseNavigationController.swift */ = {isa = PBXFileReference; fileEncoding = 4; lastKnownFileType = sourcecode.swift; path = BaseNavigationController.swift; sourceTree = "<group>"; };
		CD563973205BB81C00A0B66D /* Bundle _ Extension.swift */ = {isa = PBXFileReference; fileEncoding = 4; lastKnownFileType = sourcecode.swift; path = "Bundle _ Extension.swift"; sourceTree = "<group>"; };
		CD563975205BB81C00A0B66D /* MineViewController.swift */ = {isa = PBXFileReference; fileEncoding = 4; lastKnownFileType = sourcecode.swift; path = MineViewController.swift; sourceTree = "<group>"; };
		CD56397C205BB82800A0B66D /* HomePageViewController.swift */ = {isa = PBXFileReference; fileEncoding = 4; lastKnownFileType = sourcecode.swift; path = HomePageViewController.swift; sourceTree = "<group>"; };
		CD56397E205BB82800A0B66D /* ExploreViewController.swift */ = {isa = PBXFileReference; fileEncoding = 4; lastKnownFileType = sourcecode.swift; path = ExploreViewController.swift; sourceTree = "<group>"; };
/* End PBXFileReference section */

/* Begin PBXFrameworksBuildPhase section */
		97D6F8022059305A00131D5C /* Frameworks */ = {
			isa = PBXFrameworksBuildPhase;
			buildActionMask = 2147483647;
			files = (
				DF6DB364D98BDABA75374EBF /* Pods_newProduct.framework in Frameworks */,
			);
			runOnlyForDeploymentPostprocessing = 0;
		};
		97D6F8162059305A00131D5C /* Frameworks */ = {
			isa = PBXFrameworksBuildPhase;
			buildActionMask = 2147483647;
			files = (
			);
			runOnlyForDeploymentPostprocessing = 0;
		};
		97D6F8212059305A00131D5C /* Frameworks */ = {
			isa = PBXFrameworksBuildPhase;
			buildActionMask = 2147483647;
			files = (
			);
			runOnlyForDeploymentPostprocessing = 0;
		};
/* End PBXFrameworksBuildPhase section */

/* Begin PBXGroup section */
		090C3EEC50D64FC2D4BECD39 /* Frameworks */ = {
			isa = PBXGroup;
			children = (
				4B8EBDBDA8A2919B589F3736 /* Pods_newProduct.framework */,
			);
			name = Frameworks;
			sourceTree = "<group>";
		};
		970C0290205F9A7A0046FDE0 /* OCTools */ = {
			isa = PBXGroup;
			children = (
				970C0296205F9B6D0046FDE0 /* DefineKeyChain.h */,
				970C0295205F9B6D0046FDE0 /* DefineKeyChain.m */,
				970C0292205F9A860046FDE0 /* NetworkRequestParameters.h */,
				970C0293205F9A870046FDE0 /* NetworkRequestParameters.m */,
				970C0291205F9A860046FDE0 /* newProduct-Bridging-Header.h */,
			);
			path = OCTools;
			sourceTree = "<group>";
		};
		97D6F7FC2059305A00131D5C = {
			isa = PBXGroup;
			children = (
				97D6F8072059305A00131D5C /* newProduct */,
				97D6F81C2059305A00131D5C /* newProductTests */,
				97D6F8272059305A00131D5C /* newProductUITests */,
				97D6F8062059305A00131D5C /* Products */,
				E818A650D973A0EE3D725536 /* Pods */,
				090C3EEC50D64FC2D4BECD39 /* Frameworks */,
			);
			sourceTree = "<group>";
		};
		97D6F8062059305A00131D5C /* Products */ = {
			isa = PBXGroup;
			children = (
				97D6F8052059305A00131D5C /* newProduct.app */,
				97D6F8192059305A00131D5C /* newProductTests.xctest */,
				97D6F8242059305A00131D5C /* newProductUITests.xctest */,
			);
			name = Products;
			sourceTree = "<group>";
		};
		97D6F8072059305A00131D5C /* newProduct */ = {
			isa = PBXGroup;
			children = (
				CD56396D205BB81C00A0B66D /* Main */,
				CD56397B205BB82800A0B66D /* HomePage */,
				CD56397D205BB82800A0B66D /* Explore */,
				CD563974205BB81C00A0B66D /* Mine */,
				CD563971205BB81C00A0B66D /* Tools */,
				97D6F8082059305A00131D5C /* AppDelegate.swift */,
				97D6F80F2059305A00131D5C /* Assets.xcassets */,
				97D6F8112059305A00131D5C /* LaunchScreen.storyboard */,
				97D6F8142059305A00131D5C /* Info.plist */,
			);
			path = newProduct;
			sourceTree = "<group>";
		};
		97D6F81C2059305A00131D5C /* newProductTests */ = {
			isa = PBXGroup;
			children = (
				97D6F81D2059305A00131D5C /* newProductTests.swift */,
				97D6F81F2059305A00131D5C /* Info.plist */,
			);
			path = newProductTests;
			sourceTree = "<group>";
		};
		97D6F8272059305A00131D5C /* newProductUITests */ = {
			isa = PBXGroup;
			children = (
				97D6F8282059305A00131D5C /* newProductUITests.swift */,
				97D6F82A2059305A00131D5C /* Info.plist */,
			);
			path = newProductUITests;
			sourceTree = "<group>";
		};
		CD56396D205BB81C00A0B66D /* Main */ = {
			isa = PBXGroup;
			children = (
				CD56396E205BB81C00A0B66D /* BaseViewController.swift */,
				CD56396F205BB81C00A0B66D /* MainViewController.swift */,
				CD563970205BB81C00A0B66D /* BaseNavigationController.swift */,
			);
			path = Main;
			sourceTree = "<group>";
		};
		CD563971205BB81C00A0B66D /* Tools */ = {
			isa = PBXGroup;
			children = (
				97A27E03205F6728002F071A /* Header.swift */,
				970C0290205F9A7A0046FDE0 /* OCTools */,
				CD563972205BB81C00A0B66D /* Extension */,
			);
			path = Tools;
			sourceTree = "<group>";
		};
		CD563972205BB81C00A0B66D /* Extension */ = {
			isa = PBXGroup;
			children = (
				CD563973205BB81C00A0B66D /* Bundle _ Extension.swift */,
			);
			path = Extension;
			sourceTree = "<group>";
		};
		CD563974205BB81C00A0B66D /* Mine */ = {
			isa = PBXGroup;
			children = (
				CD563975205BB81C00A0B66D /* MineViewController.swift */,
			);
			path = Mine;
			sourceTree = "<group>";
		};
		CD56397B205BB82800A0B66D /* HomePage */ = {
			isa = PBXGroup;
			children = (
				CD56397C205BB82800A0B66D /* HomePageViewController.swift */,
			);
			path = HomePage;
			sourceTree = "<group>";
		};
		CD56397D205BB82800A0B66D /* Explore */ = {
			isa = PBXGroup;
			children = (
				CD56397E205BB82800A0B66D /* ExploreViewController.swift */,
			);
			path = Explore;
			sourceTree = "<group>";
		};
		E818A650D973A0EE3D725536 /* Pods */ = {
			isa = PBXGroup;
			children = (
				181F6F4E342EB39FBF48CC3E /* Pods-newProduct.debug.xcconfig */,
				7172FC14534806BFEF5733AD /* Pods-newProduct.release.xcconfig */,
			);
			name = Pods;
			sourceTree = "<group>";
		};
/* End PBXGroup section */

/* Begin PBXNativeTarget section */
		97D6F8042059305A00131D5C /* newProduct */ = {
			isa = PBXNativeTarget;
			buildConfigurationList = 97D6F82D2059305A00131D5C /* Build configuration list for PBXNativeTarget "newProduct" */;
			buildPhases = (
				5FE9908C37744AF8CD8AB714 /* [CP] Check Pods Manifest.lock */,
				97D6F8012059305A00131D5C /* Sources */,
				97D6F8022059305A00131D5C /* Frameworks */,
				97D6F8032059305A00131D5C /* Resources */,
				A85D29C008AC19306C373F84 /* [CP] Embed Pods Frameworks */,
				456B96E5BD6E2969FEE5A0F9 /* [CP] Copy Pods Resources */,
			);
			buildRules = (
			);
			dependencies = (
			);
			name = newProduct;
			productName = newProduct;
			productReference = 97D6F8052059305A00131D5C /* newProduct.app */;
			productType = "com.apple.product-type.application";
		};
		97D6F8182059305A00131D5C /* newProductTests */ = {
			isa = PBXNativeTarget;
			buildConfigurationList = 97D6F8302059305A00131D5C /* Build configuration list for PBXNativeTarget "newProductTests" */;
			buildPhases = (
				97D6F8152059305A00131D5C /* Sources */,
				97D6F8162059305A00131D5C /* Frameworks */,
				97D6F8172059305A00131D5C /* Resources */,
			);
			buildRules = (
			);
			dependencies = (
				97D6F81B2059305A00131D5C /* PBXTargetDependency */,
			);
			name = newProductTests;
			productName = newProductTests;
			productReference = 97D6F8192059305A00131D5C /* newProductTests.xctest */;
			productType = "com.apple.product-type.bundle.unit-test";
		};
		97D6F8232059305A00131D5C /* newProductUITests */ = {
			isa = PBXNativeTarget;
			buildConfigurationList = 97D6F8332059305A00131D5C /* Build configuration list for PBXNativeTarget "newProductUITests" */;
			buildPhases = (
				97D6F8202059305A00131D5C /* Sources */,
				97D6F8212059305A00131D5C /* Frameworks */,
				97D6F8222059305A00131D5C /* Resources */,
			);
			buildRules = (
			);
			dependencies = (
				97D6F8262059305A00131D5C /* PBXTargetDependency */,
			);
			name = newProductUITests;
			productName = newProductUITests;
			productReference = 97D6F8242059305A00131D5C /* newProductUITests.xctest */;
			productType = "com.apple.product-type.bundle.ui-testing";
		};
/* End PBXNativeTarget section */

/* Begin PBXProject section */
		97D6F7FD2059305A00131D5C /* Project object */ = {
			isa = PBXProject;
			attributes = {
				LastSwiftUpdateCheck = 0900;
				LastUpgradeCheck = 0900;
				ORGANIZATIONNAME = pgw;
				TargetAttributes = {
					97D6F8042059305A00131D5C = {
						CreatedOnToolsVersion = 9.0.1;
						LastSwiftMigration = 0900;
						ProvisioningStyle = Automatic;
					};
					97D6F8182059305A00131D5C = {
						CreatedOnToolsVersion = 9.0.1;
						ProvisioningStyle = Automatic;
						TestTargetID = 97D6F8042059305A00131D5C;
					};
					97D6F8232059305A00131D5C = {
						CreatedOnToolsVersion = 9.0.1;
						ProvisioningStyle = Automatic;
						TestTargetID = 97D6F8042059305A00131D5C;
					};
				};
			};
			buildConfigurationList = 97D6F8002059305A00131D5C /* Build configuration list for PBXProject "newProduct" */;
			compatibilityVersion = "Xcode 8.0";
			developmentRegion = en;
			hasScannedForEncodings = 0;
			knownRegions = (
				en,
				Base,
			);
			mainGroup = 97D6F7FC2059305A00131D5C;
			productRefGroup = 97D6F8062059305A00131D5C /* Products */;
			projectDirPath = "";
			projectRoot = "";
			targets = (
				97D6F8042059305A00131D5C /* newProduct */,
				97D6F8182059305A00131D5C /* newProductTests */,
				97D6F8232059305A00131D5C /* newProductUITests */,
			);
		};
/* End PBXProject section */

/* Begin PBXResourcesBuildPhase section */
		97D6F8032059305A00131D5C /* Resources */ = {
			isa = PBXResourcesBuildPhase;
			buildActionMask = 2147483647;
			files = (
				97D6F8132059305A00131D5C /* LaunchScreen.storyboard in Resources */,
				97D6F8102059305A00131D5C /* Assets.xcassets in Resources */,
			);
			runOnlyForDeploymentPostprocessing = 0;
		};
		97D6F8172059305A00131D5C /* Resources */ = {
			isa = PBXResourcesBuildPhase;
			buildActionMask = 2147483647;
			files = (
			);
			runOnlyForDeploymentPostprocessing = 0;
		};
		97D6F8222059305A00131D5C /* Resources */ = {
			isa = PBXResourcesBuildPhase;
			buildActionMask = 2147483647;
			files = (
			);
			runOnlyForDeploymentPostprocessing = 0;
		};
/* End PBXResourcesBuildPhase section */

/* Begin PBXShellScriptBuildPhase section */
		456B96E5BD6E2969FEE5A0F9 /* [CP] Copy Pods Resources */ = {
			isa = PBXShellScriptBuildPhase;
			buildActionMask = 2147483647;
			files = (
			);
			inputPaths = (
			);
			name = "[CP] Copy Pods Resources";
			outputPaths = (
			);
			runOnlyForDeploymentPostprocessing = 0;
			shellPath = /bin/sh;
			shellScript = "\"${SRCROOT}/Pods/Target Support Files/Pods-newProduct/Pods-newProduct-resources.sh\"\n";
			showEnvVarsInLog = 0;
		};
		5FE9908C37744AF8CD8AB714 /* [CP] Check Pods Manifest.lock */ = {
			isa = PBXShellScriptBuildPhase;
			buildActionMask = 2147483647;
			files = (
			);
			inputPaths = (
				"${PODS_PODFILE_DIR_PATH}/Podfile.lock",
				"${PODS_ROOT}/Manifest.lock",
			);
			name = "[CP] Check Pods Manifest.lock";
			outputPaths = (
				"$(DERIVED_FILE_DIR)/Pods-newProduct-checkManifestLockResult.txt",
			);
			runOnlyForDeploymentPostprocessing = 0;
			shellPath = /bin/sh;
			shellScript = "diff \"${PODS_PODFILE_DIR_PATH}/Podfile.lock\" \"${PODS_ROOT}/Manifest.lock\" > /dev/null\nif [ $? != 0 ] ; then\n    # print error to STDERR\n    echo \"error: The sandbox is not in sync with the Podfile.lock. Run 'pod install' or update your CocoaPods installation.\" >&2\n    exit 1\nfi\n# This output is used by Xcode 'outputs' to avoid re-running this script phase.\necho \"SUCCESS\" > \"${SCRIPT_OUTPUT_FILE_0}\"\n";
			showEnvVarsInLog = 0;
		};
		A85D29C008AC19306C373F84 /* [CP] Embed Pods Frameworks */ = {
			isa = PBXShellScriptBuildPhase;
			buildActionMask = 2147483647;
			files = (
			);
			inputPaths = (
				"${SRCROOT}/Pods/Target Support Files/Pods-newProduct/Pods-newProduct-frameworks.sh",
				"${BUILT_PRODUCTS_DIR}/SnapKit/SnapKit.framework",
			);
			name = "[CP] Embed Pods Frameworks";
			outputPaths = (
				"${TARGET_BUILD_DIR}/${FRAMEWORKS_FOLDER_PATH}/SnapKit.framework",
			);
			runOnlyForDeploymentPostprocessing = 0;
			shellPath = /bin/sh;
			shellScript = "\"${SRCROOT}/Pods/Target Support Files/Pods-newProduct/Pods-newProduct-frameworks.sh\"\n";
			showEnvVarsInLog = 0;
		};
/* End PBXShellScriptBuildPhase section */

/* Begin PBXSourcesBuildPhase section */
		97D6F8012059305A00131D5C /* Sources */ = {
			isa = PBXSourcesBuildPhase;
			buildActionMask = 2147483647;
			files = (
				97D6F8092059305A00131D5C /* AppDelegate.swift in Sources */,
				970C0297205F9B6D0046FDE0 /* DefineKeyChain.m in Sources */,
				97A27E04205F6728002F071A /* Header.swift in Sources */,
				CD563976205BB81C00A0B66D /* BaseViewController.swift in Sources */,
				CD56397A205BB81C00A0B66D /* MineViewController.swift in Sources */,
				CD56397F205BB82800A0B66D /* HomePageViewController.swift in Sources */,
				CD563980205BB82800A0B66D /* ExploreViewController.swift in Sources */,
				970C0294205F9A870046FDE0 /* NetworkRequestParameters.m in Sources */,
				CD563978205BB81C00A0B66D /* BaseNavigationController.swift in Sources */,
				CD563977205BB81C00A0B66D /* MainViewController.swift in Sources */,
				CD563979205BB81C00A0B66D /* Bundle _ Extension.swift in Sources */,
			);
			runOnlyForDeploymentPostprocessing = 0;
		};
		97D6F8152059305A00131D5C /* Sources */ = {
			isa = PBXSourcesBuildPhase;
			buildActionMask = 2147483647;
			files = (
				97D6F81E2059305A00131D5C /* newProductTests.swift in Sources */,
			);
			runOnlyForDeploymentPostprocessing = 0;
		};
		97D6F8202059305A00131D5C /* Sources */ = {
			isa = PBXSourcesBuildPhase;
			buildActionMask = 2147483647;
			files = (
				97D6F8292059305A00131D5C /* newProductUITests.swift in Sources */,
			);
			runOnlyForDeploymentPostprocessing = 0;
		};
/* End PBXSourcesBuildPhase section */

/* Begin PBXTargetDependency section */
		97D6F81B2059305A00131D5C /* PBXTargetDependency */ = {
			isa = PBXTargetDependency;
			target = 97D6F8042059305A00131D5C /* newProduct */;
			targetProxy = 97D6F81A2059305A00131D5C /* PBXContainerItemProxy */;
		};
		97D6F8262059305A00131D5C /* PBXTargetDependency */ = {
			isa = PBXTargetDependency;
			target = 97D6F8042059305A00131D5C /* newProduct */;
			targetProxy = 97D6F8252059305A00131D5C /* PBXContainerItemProxy */;
		};
/* End PBXTargetDependency section */

/* Begin PBXVariantGroup section */
		97D6F8112059305A00131D5C /* LaunchScreen.storyboard */ = {
			isa = PBXVariantGroup;
			children = (
				97D6F8122059305A00131D5C /* Base */,
			);
			name = LaunchScreen.storyboard;
			sourceTree = "<group>";
		};
/* End PBXVariantGroup section */

/* Begin XCBuildConfiguration section */
		97D6F82B2059305A00131D5C /* Debug */ = {
			isa = XCBuildConfiguration;
			buildSettings = {
				ALWAYS_SEARCH_USER_PATHS = NO;
				CLANG_ANALYZER_NONNULL = YES;
				CLANG_ANALYZER_NUMBER_OBJECT_CONVERSION = YES_AGGRESSIVE;
				CLANG_CXX_LANGUAGE_STANDARD = "gnu++14";
				CLANG_CXX_LIBRARY = "libc++";
				CLANG_ENABLE_MODULES = YES;
				CLANG_ENABLE_OBJC_ARC = YES;
				CLANG_WARN_BLOCK_CAPTURE_AUTORELEASING = YES;
				CLANG_WARN_BOOL_CONVERSION = YES;
				CLANG_WARN_COMMA = YES;
				CLANG_WARN_CONSTANT_CONVERSION = YES;
				CLANG_WARN_DIRECT_OBJC_ISA_USAGE = YES_ERROR;
				CLANG_WARN_DOCUMENTATION_COMMENTS = YES;
				CLANG_WARN_EMPTY_BODY = YES;
				CLANG_WARN_ENUM_CONVERSION = YES;
				CLANG_WARN_INFINITE_RECURSION = YES;
				CLANG_WARN_INT_CONVERSION = YES;
				CLANG_WARN_NON_LITERAL_NULL_CONVERSION = YES;
				CLANG_WARN_OBJC_LITERAL_CONVERSION = YES;
				CLANG_WARN_OBJC_ROOT_CLASS = YES_ERROR;
				CLANG_WARN_RANGE_LOOP_ANALYSIS = YES;
				CLANG_WARN_STRICT_PROTOTYPES = YES;
				CLANG_WARN_SUSPICIOUS_MOVE = YES;
				CLANG_WARN_UNGUARDED_AVAILABILITY = YES_AGGRESSIVE;
				CLANG_WARN_UNREACHABLE_CODE = YES;
				CLANG_WARN__DUPLICATE_METHOD_MATCH = YES;
				CODE_SIGN_IDENTITY = "iPhone Developer";
				COPY_PHASE_STRIP = NO;
				DEBUG_INFORMATION_FORMAT = dwarf;
				ENABLE_STRICT_OBJC_MSGSEND = YES;
				ENABLE_TESTABILITY = YES;
				GCC_C_LANGUAGE_STANDARD = gnu11;
				GCC_DYNAMIC_NO_PIC = NO;
				GCC_NO_COMMON_BLOCKS = YES;
				GCC_OPTIMIZATION_LEVEL = 0;
				GCC_PREPROCESSOR_DEFINITIONS = (
					"DEBUG=1",
					"$(inherited)",
				);
				GCC_WARN_64_TO_32_BIT_CONVERSION = YES;
				GCC_WARN_ABOUT_RETURN_TYPE = YES_ERROR;
				GCC_WARN_UNDECLARED_SELECTOR = YES;
				GCC_WARN_UNINITIALIZED_AUTOS = YES_AGGRESSIVE;
				GCC_WARN_UNUSED_FUNCTION = YES;
				GCC_WARN_UNUSED_VARIABLE = YES;
				IPHONEOS_DEPLOYMENT_TARGET = 11.0;
				MTL_ENABLE_DEBUG_INFO = YES;
				ONLY_ACTIVE_ARCH = YES;
				SDKROOT = iphoneos;
				SWIFT_ACTIVE_COMPILATION_CONDITIONS = DEBUG;
				SWIFT_OPTIMIZATION_LEVEL = "-Onone";
			};
			name = Debug;
		};
		97D6F82C2059305A00131D5C /* Release */ = {
			isa = XCBuildConfiguration;
			buildSettings = {
				ALWAYS_SEARCH_USER_PATHS = NO;
				CLANG_ANALYZER_NONNULL = YES;
				CLANG_ANALYZER_NUMBER_OBJECT_CONVERSION = YES_AGGRESSIVE;
				CLANG_CXX_LANGUAGE_STANDARD = "gnu++14";
				CLANG_CXX_LIBRARY = "libc++";
				CLANG_ENABLE_MODULES = YES;
				CLANG_ENABLE_OBJC_ARC = YES;
				CLANG_WARN_BLOCK_CAPTURE_AUTORELEASING = YES;
				CLANG_WARN_BOOL_CONVERSION = YES;
				CLANG_WARN_COMMA = YES;
				CLANG_WARN_CONSTANT_CONVERSION = YES;
				CLANG_WARN_DIRECT_OBJC_ISA_USAGE = YES_ERROR;
				CLANG_WARN_DOCUMENTATION_COMMENTS = YES;
				CLANG_WARN_EMPTY_BODY = YES;
				CLANG_WARN_ENUM_CONVERSION = YES;
				CLANG_WARN_INFINITE_RECURSION = YES;
				CLANG_WARN_INT_CONVERSION = YES;
				CLANG_WARN_NON_LITERAL_NULL_CONVERSION = YES;
				CLANG_WARN_OBJC_LITERAL_CONVERSION = YES;
				CLANG_WARN_OBJC_ROOT_CLASS = YES_ERROR;
				CLANG_WARN_RANGE_LOOP_ANALYSIS = YES;
				CLANG_WARN_STRICT_PROTOTYPES = YES;
				CLANG_WARN_SUSPICIOUS_MOVE = YES;
				CLANG_WARN_UNGUARDED_AVAILABILITY = YES_AGGRESSIVE;
				CLANG_WARN_UNREACHABLE_CODE = YES;
				CLANG_WARN__DUPLICATE_METHOD_MATCH = YES;
				CODE_SIGN_IDENTITY = "iPhone Developer";
				COPY_PHASE_STRIP = NO;
				DEBUG_INFORMATION_FORMAT = "dwarf-with-dsym";
				ENABLE_NS_ASSERTIONS = NO;
				ENABLE_STRICT_OBJC_MSGSEND = YES;
				GCC_C_LANGUAGE_STANDARD = gnu11;
				GCC_NO_COMMON_BLOCKS = YES;
				GCC_WARN_64_TO_32_BIT_CONVERSION = YES;
				GCC_WARN_ABOUT_RETURN_TYPE = YES_ERROR;
				GCC_WARN_UNDECLARED_SELECTOR = YES;
				GCC_WARN_UNINITIALIZED_AUTOS = YES_AGGRESSIVE;
				GCC_WARN_UNUSED_FUNCTION = YES;
				GCC_WARN_UNUSED_VARIABLE = YES;
				IPHONEOS_DEPLOYMENT_TARGET = 11.0;
				MTL_ENABLE_DEBUG_INFO = NO;
				SDKROOT = iphoneos;
				SWIFT_OPTIMIZATION_LEVEL = "-Owholemodule";
				VALIDATE_PRODUCT = YES;
			};
			name = Release;
		};
		97D6F82E2059305A00131D5C /* Debug */ = {
			isa = XCBuildConfiguration;
			baseConfigurationReference = 181F6F4E342EB39FBF48CC3E /* Pods-newProduct.debug.xcconfig */;
			buildSettings = {
				ASSETCATALOG_COMPILER_APPICON_NAME = AppIcon;
				CLANG_ENABLE_MODULES = YES;
				CODE_SIGN_STYLE = Automatic;
				DEVELOPMENT_TEAM = 3DU4642D7A;
				INFOPLIST_FILE = newProduct/Info.plist;
				IPHONEOS_DEPLOYMENT_TARGET = 9.0;
				LD_RUNPATH_SEARCH_PATHS = "$(inherited) @executable_path/Frameworks";
				PRODUCT_BUNDLE_IDENTIFIER = optaim.com.newProduct;
				PRODUCT_NAME = "$(TARGET_NAME)";
				SWIFT_OBJC_BRIDGING_HEADER = "newProduct/Tools/OCTools/newProduct-Bridging-Header.h";
				SWIFT_OPTIMIZATION_LEVEL = "-Onone";
				SWIFT_VERSION = 4.0;
				TARGETED_DEVICE_FAMILY = 1;
			};
			name = Debug;
		};
		97D6F82F2059305A00131D5C /* Release */ = {
			isa = XCBuildConfiguration;
			baseConfigurationReference = 7172FC14534806BFEF5733AD /* Pods-newProduct.release.xcconfig */;
			buildSettings = {
				ASSETCATALOG_COMPILER_APPICON_NAME = AppIcon;
				CLANG_ENABLE_MODULES = YES;
				CODE_SIGN_STYLE = Automatic;
				DEVELOPMENT_TEAM = 3DU4642D7A;
				INFOPLIST_FILE = newProduct/Info.plist;
				IPHONEOS_DEPLOYMENT_TARGET = 9.0;
				LD_RUNPATH_SEARCH_PATHS = "$(inherited) @executable_path/Frameworks";
				PRODUCT_BUNDLE_IDENTIFIER = optaim.com.newProduct;
				PRODUCT_NAME = "$(TARGET_NAME)";
				SWIFT_OBJC_BRIDGING_HEADER = "newProduct/Tools/OCTools/newProduct-Bridging-Header.h";
				SWIFT_VERSION = 4.0;
				TARGETED_DEVICE_FAMILY = 1;
			};
			name = Release;
		};
		97D6F8312059305A00131D5C /* Debug */ = {
			isa = XCBuildConfiguration;
			buildSettings = {
				ALWAYS_EMBED_SWIFT_STANDARD_LIBRARIES = YES;
				BUNDLE_LOADER = "$(TEST_HOST)";
				CODE_SIGN_STYLE = Automatic;
				DEVELOPMENT_TEAM = 3DU4642D7A;
				INFOPLIST_FILE = newProductTests/Info.plist;
				LD_RUNPATH_SEARCH_PATHS = "$(inherited) @executable_path/Frameworks @loader_path/Frameworks";
				PRODUCT_BUNDLE_IDENTIFIER = optaim.com.newProductTests;
				PRODUCT_NAME = "$(TARGET_NAME)";
				SWIFT_VERSION = 4.0;
				TARGETED_DEVICE_FAMILY = "1,2";
				TEST_HOST = "$(BUILT_PRODUCTS_DIR)/newProduct.app/newProduct";
			};
			name = Debug;
		};
		97D6F8322059305A00131D5C /* Release */ = {
			isa = XCBuildConfiguration;
			buildSettings = {
				ALWAYS_EMBED_SWIFT_STANDARD_LIBRARIES = YES;
				BUNDLE_LOADER = "$(TEST_HOST)";
				CODE_SIGN_STYLE = Automatic;
				DEVELOPMENT_TEAM = 3DU4642D7A;
				INFOPLIST_FILE = newProductTests/Info.plist;
				LD_RUNPATH_SEARCH_PATHS = "$(inherited) @executable_path/Frameworks @loader_path/Frameworks";
				PRODUCT_BUNDLE_IDENTIFIER = optaim.com.newProductTests;
				PRODUCT_NAME = "$(TARGET_NAME)";
				SWIFT_VERSION = 4.0;
				TARGETED_DEVICE_FAMILY = "1,2";
				TEST_HOST = "$(BUILT_PRODUCTS_DIR)/newProduct.app/newProduct";
			};
			name = Release;
		};
		97D6F8342059305A00131D5C /* Debug */ = {
			isa = XCBuildConfiguration;
			buildSettings = {
				ALWAYS_EMBED_SWIFT_STANDARD_LIBRARIES = YES;
				CODE_SIGN_STYLE = Automatic;
				DEVELOPMENT_TEAM = 3DU4642D7A;
				INFOPLIST_FILE = newProductUITests/Info.plist;
				LD_RUNPATH_SEARCH_PATHS = "$(inherited) @executable_path/Frameworks @loader_path/Frameworks";
				PRODUCT_BUNDLE_IDENTIFIER = optaim.com.newProductUITests;
				PRODUCT_NAME = "$(TARGET_NAME)";
				SWIFT_VERSION = 4.0;
				TARGETED_DEVICE_FAMILY = "1,2";
				TEST_TARGET_NAME = newProduct;
			};
			name = Debug;
		};
		97D6F8352059305A00131D5C /* Release */ = {
			isa = XCBuildConfiguration;
			buildSettings = {
				ALWAYS_EMBED_SWIFT_STANDARD_LIBRARIES = YES;
				CODE_SIGN_STYLE = Automatic;
				DEVELOPMENT_TEAM = 3DU4642D7A;
				INFOPLIST_FILE = newProductUITests/Info.plist;
				LD_RUNPATH_SEARCH_PATHS = "$(inherited) @executable_path/Frameworks @loader_path/Frameworks";
				PRODUCT_BUNDLE_IDENTIFIER = optaim.com.newProductUITests;
				PRODUCT_NAME = "$(TARGET_NAME)";
				SWIFT_VERSION = 4.0;
				TARGETED_DEVICE_FAMILY = "1,2";
				TEST_TARGET_NAME = newProduct;
			};
			name = Release;
		};
/* End XCBuildConfiguration section */

/* Begin XCConfigurationList section */
		97D6F8002059305A00131D5C /* Build configuration list for PBXProject "newProduct" */ = {
			isa = XCConfigurationList;
			buildConfigurations = (
				97D6F82B2059305A00131D5C /* Debug */,
				97D6F82C2059305A00131D5C /* Release */,
			);
			defaultConfigurationIsVisible = 0;
			defaultConfigurationName = Release;
		};
		97D6F82D2059305A00131D5C /* Build configuration list for PBXNativeTarget "newProduct" */ = {
			isa = XCConfigurationList;
			buildConfigurations = (
				97D6F82E2059305A00131D5C /* Debug */,
				97D6F82F2059305A00131D5C /* Release */,
			);
			defaultConfigurationIsVisible = 0;
			defaultConfigurationName = Release;
		};
		97D6F8302059305A00131D5C /* Build configuration list for PBXNativeTarget "newProductTests" */ = {
			isa = XCConfigurationList;
			buildConfigurations = (
				97D6F8312059305A00131D5C /* Debug */,
				97D6F8322059305A00131D5C /* Release */,
			);
			defaultConfigurationIsVisible = 0;
			defaultConfigurationName = Release;
		};
		97D6F8332059305A00131D5C /* Build configuration list for PBXNativeTarget "newProductUITests" */ = {
			isa = XCConfigurationList;
			buildConfigurations = (
				97D6F8342059305A00131D5C /* Debug */,
				97D6F8352059305A00131D5C /* Release */,
			);
			defaultConfigurationIsVisible = 0;
			defaultConfigurationName = Release;
		};
/* End XCConfigurationList section */
	};
	rootObject = 97D6F7FD2059305A00131D5C /* Project object */;
}
